
Microsoft Visual Studio Solution File, Format Version 12.00
# Visual Studio 15
VisualStudioVersion = 15.0.27130.2010
MinimumVisualStudioVersion = 10.0.40219.1
Project("{FAE04EC0-301F-11D3-BF4B-00C04F79EFBC}") = "Ejercicio1", "Ejercicio1\Ejercicio1.csproj", "{1B8D2F26-96DC-4ACD-9145-6D185A5AD5BB}"
EndProject
Project("{FAE04EC0-301F-11D3-BF4B-00C04F79EFBC}") = "Ejercicio2", "Ejercicio2\Ejercicio2.csproj", "{485AE177-5B6A-46FB-9D44-E1A632B9C343}"
EndProject
Project("{FAE04EC0-301F-11D3-BF4B-00C04F79EFBC}") = "Ejercicio3", "Ejercicio3\Ejercicio3.csproj", "{88A4AD1E-220D-404D-93EF-FC69319172B0}"
EndProject
Project("{FAE04EC0-301F-11D3-BF4B-00C04F79EFBC}") = "Ejercicio4", "Ejercicio4\Ejercicio4.csproj", "{324EFF9D-39EF-4FD5-8BBB-C16577B94C30}"
EndProject
Project("{FAE04EC0-301F-11D3-BF4B-00C04F79EFBC}") = "Ejercicio5", "Ejercicio5\Ejercicio5.csproj", "{4A0750B1-FD2B-4AD3-873F-21C49CE59AEB}"
EndProject
Global
	GlobalSection(SolutionConfigurationPlatforms) = preSolution
		Debug|Any CPU = Debug|Any CPU
		Release|Any CPU = Release|Any CPU
	EndGlobalSection
	GlobalSection(ProjectConfigurationPlatforms) = postSolution
		{1B8D2F26-96DC-4ACD-9145-6D185A5AD5BB}.Debug|Any CPU.ActiveCfg = Debug|Any CPU
		{1B8D2F26-96DC-4ACD-9145-6D185A5AD5BB}.Debug|Any CPU.Build.0 = Debug|Any CPU
		{1B8D2F26-96DC-4ACD-9145-6D185A5AD5BB}.Release|Any CPU.ActiveCfg = Release|Any CPU
		{1B8D2F26-96DC-4ACD-9145-6D185A5AD5BB}.Release|Any CPU.Build.0 = Release|Any CPU
		{485AE177-5B6A-46FB-9D44-E1A632B9C343}.Debug|Any CPU.ActiveCfg = Debug|Any CPU
		{485AE177-5B6A-46FB-9D44-E1A632B9C343}.Debug|Any CPU.Build.0 = Debug|Any CPU
		{485AE177-5B6A-46FB-9D44-E1A632B9C343}.Release|Any CPU.ActiveCfg = Release|Any CPU
		{485AE177-5B6A-46FB-9D44-E1A632B9C343}.Release|Any CPU.Build.0 = Release|Any CPU
		{88A4AD1E-220D-404D-93EF-FC69319172B0}.Debug|Any CPU.ActiveCfg = Debug|Any CPU
		{88A4AD1E-220D-404D-93EF-FC69319172B0}.Debug|Any CPU.Build.0 = Debug|Any CPU
		{88A4AD1E-220D-404D-93EF-FC69319172B0}.Release|Any CPU.ActiveCfg = Release|Any CPU
		{88A4AD1E-220D-404D-93EF-FC69319172B0}.Release|Any CPU.Build.0 = Release|Any CPU
		{324EFF9D-39EF-4FD5-8BBB-C16577B94C30}.Debug|Any CPU.ActiveCfg = Debug|Any CPU
		{324EFF9D-39EF-4FD5-8BBB-C16577B94C30}.Debug|Any CPU.Build.0 = Debug|Any CPU
		{324EFF9D-39EF-4FD5-8BBB-C16577B94C30}.Release|Any CPU.ActiveCfg = Release|Any CPU
		{324EFF9D-39EF-4FD5-8BBB-C16577B94C30}.Release|Any CPU.Build.0 = Release|Any CPU
		{4A0750B1-FD2B-4AD3-873F-21C49CE59AEB}.Debug|Any CPU.ActiveCfg = Debug|Any CPU
		{4A0750B1-FD2B-4AD3-873F-21C49CE59AEB}.Debug|Any CPU.Build.0 = Debug|Any CPU
		{4A0750B1-FD2B-4AD3-873F-21C49CE59AEB}.Release|Any CPU.ActiveCfg = Release|Any CPU
		{4A0750B1-FD2B-4AD3-873F-21C49CE59AEB}.Release|Any CPU.Build.0 = Release|Any CPU
	EndGlobalSection
	GlobalSection(SolutionProperties) = preSolution
		HideSolutionNode = FALSE
	EndGlobalSection
	GlobalSection(ExtensibilityGlobals) = postSolution
		SolutionGuid = {287B195F-BC2C-4D50-BE8C-2052EC967BAE}
	EndGlobalSection
EndGlobal
